// !$*UTF8*$!
{
	archiveVersion = 1;
	classes = {
	};
	objectVersion = 50;
	objects = {

/* Begin PBXBuildFile section */
		B389BE202165418D005FB025 /* AppDelegate.m in Sources */ = {isa = PBXBuildFile; fileRef = B389BE1F2165418D005FB025 /* AppDelegate.m */; };
		B389BE262165418D005FB025 /* Main.storyboard in Resources */ = {isa = PBXBuildFile; fileRef = B389BE242165418D005FB025 /* Main.storyboard */; };
		B389BE282165418F005FB025 /* Assets.xcassets in Resources */ = {isa = PBXBuildFile; fileRef = B389BE272165418F005FB025 /* Assets.xcassets */; };
		B389BE2B2165418F005FB025 /* LaunchScreen.storyboard in Resources */ = {isa = PBXBuildFile; fileRef = B389BE292165418F005FB025 /* LaunchScreen.storyboard */; };
		B389BE2E2165418F005FB025 /* main.m in Sources */ = {isa = PBXBuildFile; fileRef = B389BE2D2165418F005FB025 /* main.m */; };
		B389BE3621654236005FB025 /* Student.m in Sources */ = {isa = PBXBuildFile; fileRef = B389BE3521654236005FB025 /* Student.m */; };
		B389BE3921654416005FB025 /* TableViewController.m in Sources */ = {isa = PBXBuildFile; fileRef = B389BE3821654416005FB025 /* TableViewController.m */; };
/* End PBXBuildFile section */

/* Begin PBXFileReference section */
		B389BE1B2165418D005FB025 /* KVCKVOHW.app */ = {isa = PBXFileReference; explicitFileType = wrapper.application; includeInIndex = 0; path = KVCKVOHW.app; sourceTree = BUILT_PRODUCTS_DIR; };
		B389BE1E2165418D005FB025 /* AppDelegate.h */ = {isa = PBXFileReference; lastKnownFileType = sourcecode.c.h; path = AppDelegate.h; sourceTree = "<group>"; };
		B389BE1F2165418D005FB025 /* AppDelegate.m */ = {isa = PBXFileReference; lastKnownFileType = sourcecode.c.objc; path = AppDelegate.m; sourceTree = "<group>"; };
		B389BE252165418D005FB025 /* Base */ = {isa = PBXFileReference; lastKnownFileType = file.storyboard; name = Base; path = Base.lproj/Main.storyboard; sourceTree = "<group>"; };
		B389BE272165418F005FB025 /* Assets.xcassets */ = {isa = PBXFileReference; lastKnownFileType = folder.assetcatalog; path = Assets.xcassets; sourceTree = "<group>"; };
		B389BE2A2165418F005FB025 /* Base */ = {isa = PBXFileReference; lastKnownFileType = file.storyboard; name = Base; path = Base.lproj/LaunchScreen.storyboard; sourceTree = "<group>"; };
		B389BE2C2165418F005FB025 /* Info.plist */ = {isa = PBXFileReference; lastKnownFileType = text.plist.xml; path = Info.plist; sourceTree = "<group>"; };
		B389BE2D2165418F005FB025 /* main.m */ = {isa = PBXFileReference; lastKnownFileType = sourcecode.c.objc; path = main.m; sourceTree = "<group>"; };
		B389BE3421654236005FB025 /* Student.h */ = {isa = PBXFileReference; lastKnownFileType = sourcecode.c.h; path = Student.h; sourceTree = "<group>"; };
		B389BE3521654236005FB025 /* Student.m */ = {isa = PBXFileReference; lastKnownFileType = sourcecode.c.objc; path = Student.m; sourceTree = "<group>"; };
		B389BE3721654416005FB025 /* TableViewController.h */ = {isa = PBXFileReference; lastKnownFileType = sourcecode.c.h; path = TableViewController.h; sourceTree = "<group>"; };
		B389BE3821654416005FB025 /* TableViewController.m */ = {isa = PBXFileReference; lastKnownFileType = sourcecode.c.objc; path = TableViewController.m; sourceTree = "<group>"; };
/* End PBXFileReference section */

/* Begin PBXFrameworksBuildPhase section */
		B389BE182165418D005FB025 /* Frameworks */ = {
			isa = PBXFrameworksBuildPhase;
			buildActionMask = 2147483647;
			files = (
			);
			runOnlyForDeploymentPostprocessing = 0;
		};
/* End PBXFrameworksBuildPhase section */

/* Begin PBXGroup section */
		B389BE122165418D005FB025 = {
			isa = PBXGroup;
			children = (
				B389BE1D2165418D005FB025 /* KVCKVOHW */,
				B389BE1C2165418D005FB025 /* Products */,
			);
			sourceTree = "<group>";
		};
		B389BE1C2165418D005FB025 /* Products */ = {
			isa = PBXGroup;
			children = (
				B389BE1B2165418D005FB025 /* KVCKVOHW.app */,
			);
			name = Products;
			sourceTree = "<group>";
		};
		B389BE1D2165418D005FB025 /* KVCKVOHW */ = {
			isa = PBXGroup;
			children = (
				B389BE3721654416005FB025 /* TableViewController.h */,
				B389BE3821654416005FB025 /* TableViewController.m */,
				B389BE3421654236005FB025 /* Student.h */,
				B389BE3521654236005FB025 /* Student.m */,
				B389BE1E2165418D005FB025 /* AppDelegate.h */,
				B389BE1F2165418D005FB025 /* AppDelegate.m */,
				B389BE242165418D005FB025 /* Main.storyboard */,
				B389BE272165418F005FB025 /* Assets.xcassets */,
				B389BE292165418F005FB025 /* LaunchScreen.storyboard */,
				B389BE2C2165418F005FB025 /* Info.plist */,
				B389BE2D2165418F005FB025 /* main.m */,
			);
			path = KVCKVOHW;
			sourceTree = "<group>";
		};
/* End PBXGroup section */

/* Begin PBXNativeTarget section */
		B389BE1A2165418D005FB025 /* KVCKVOHW */ = {
			isa = PBXNativeTarget;
			buildConfigurationList = B389BE312165418F005FB025 /* Build configuration list for PBXNativeTarget "KVCKVOHW" */;
			buildPhases = (
				B389BE172165418D005FB025 /* Sources */,
				B389BE182165418D005FB025 /* Frameworks */,
				B389BE192165418D005FB025 /* Resources */,
			);
			buildRules = (
			);
			dependencies = (
			);
			name = KVCKVOHW;
			productName = KVCKVOHW;
			productReference = B389BE1B2165418D005FB025 /* KVCKVOHW.app */;
			productType = "com.apple.product-type.application";
		};
/* End PBXNativeTarget section */

/* Begin PBXProject section */
		B389BE132165418D005FB025 /* Project object */ = {
			isa = PBXProject;
			attributes = {
				LastUpgradeCheck = 1000;
				ORGANIZATIONNAME = n1ke71;
				TargetAttributes = {
					B389BE1A2165418D005FB025 = {
						CreatedOnToolsVersion = 10.0;
					};
				};
			};
			buildConfigurationList = B389BE162165418D005FB025 /* Build configuration list for PBXProject "KVCKVOHW" */;
			compatibilityVersion = "Xcode 9.3";
			developmentRegion = en;
			hasScannedForEncodings = 0;
			knownRegions = (
				en,
				Base,
			);
			mainGroup = B389BE122165418D005FB025;
			productRefGroup = B389BE1C2165418D005FB025 /* Products */;
			projectDirPath = "";
			projectRoot = "";
			targets = (
				B389BE1A2165418D005FB025 /* KVCKVOHW */,
			);
		};
/* End PBXProject section */

/* Begin PBXResourcesBuildPhase section */
		B389BE192165418D005FB025 /* Resources */ = {
			isa = PBXResourcesBuildPhase;
			buildActionMask = 2147483647;
			files = (
				B389BE2B2165418F005FB025 /* LaunchScreen.storyboard in Resources */,
				B389BE282165418F005FB025 /* Assets.xcassets in Resources */,
				B389BE262165418D005FB025 /* Main.storyboard in Resources */,
			);
			runOnlyForDeploymentPostprocessing = 0;
		};
/* End PBXResourcesBuildPhase section */

/* Begin PBXSourcesBuildPhase section */
		B389BE172165418D005FB025 /* Sources */ = {
			isa = PBXSourcesBuildPhase;
			buildActionMask = 2147483647;
			files = (
				B389BE2E2165418F005FB025 /* main.m in Sources */,
				B389BE202165418D005FB025 /* AppDelegate.m in Sources */,
				B389BE3621654236005FB025 /* Student.m in Sources */,
				B389BE3921654416005FB025 /* TableViewController.m in Sources */,
			);
			runOnlyForDeploymentPostprocessing = 0;
		};
/* End PBXSourcesBuildPhase section */

/* Begin PBXVariantGroup section */
		B389BE242165418D005FB025 /* Main.storyboard */ = {
			isa = PBXVariantGroup;
			children = (
				B389BE252165418D005FB025 /* Base */,
			);
			name = Main.storyboard;
			sourceTree = "<group>";
		};
		B389BE292165418F005FB025 /* LaunchScreen.storyboard */ = {
			isa = PBXVariantGroup;
			children = (
				B389BE2A2165418F005FB025 /* Base */,
			);
			name = LaunchScreen.storyboard;
			sourceTree = "<group>";
		};
/* End PBXVariantGroup section */

/* Begin XCBuildConfiguration section */
		B389BE2F2165418F005FB025 /* Debug */ = {
			isa = XCBuildConfiguration;
			buildSettings = {
				ALWAYS_SEARCH_USER_PATHS = NO;
				CLANG_ANALYZER_NONNULL = YES;
				CLANG_ANALYZER_NUMBER_OBJECT_CONVERSION = YES_AGGRESSIVE;
				CLANG_CXX_LANGUAGE_STANDARD = "gnu++14";
				CLANG_CXX_LIBRARY = "libc++";
				CLANG_ENABLE_MODULES = YES;
				CLANG_ENABLE_OBJC_ARC = YES;
				CLANG_ENABLE_OBJC_WEAK = YES;
				CLANG_WARN_BLOCK_CAPTURE_AUTORELEASING = YES;
				CLANG_WARN_BOOL_CONVERSION = YES;
				CLANG_WARN_COMMA = YES;
				CLANG_WARN_CONSTANT_CONVERSION = YES;
				CLANG_WARN_DEPRECATED_OBJC_IMPLEMENTATIONS = YES;
				CLANG_WARN_DIRECT_OBJC_ISA_USAGE = YES_ERROR;
				CLANG_WARN_DOCUMENTATION_COMMENTS = YES;
				CLANG_WARN_EMPTY_BODY = YES;
				CLANG_WARN_ENUM_CONVERSION = YES;
				CLANG_WARN_INFINITE_RECURSION = YES;
				CLANG_WARN_INT_CONVERSION = YES;
				CLANG_WARN_NON_LITERAL_NULL_CONVERSION = YES;
				CLANG_WARN_OBJC_IMPLICIT_RETAIN_SELF = YES;
				CLANG_WARN_OBJC_LITERAL_CONVERSION = YES;
				CLANG_WARN_OBJC_ROOT_CLASS = YES_ERROR;
				CLANG_WARN_RANGE_LOOP_ANALYSIS = YES;
				CLANG_WARN_STRICT_PROTOTYPES = YES;
				CLANG_WARN_SUSPICIOUS_MOVE = YES;
				CLANG_WARN_UNGUARDED_AVAILABILITY = YES_AGGRESSIVE;
				CLANG_WARN_UNREACHABLE_CODE = YES;
				CLANG_WARN__DUPLICATE_METHOD_MATCH = YES;
				CODE_SIGN_IDENTITY = "iPhone Developer";
				COPY_PHASE_STRIP = NO;
				DEBUG_INFORMATION_FORMAT = dwarf;
				ENABLE_STRICT_OBJC_MSGSEND = YES;
				ENABLE_TESTABILITY = YES;
				GCC_C_LANGUAGE_STANDARD = gnu11;
				GCC_DYNAMIC_NO_PIC = NO;
				GCC_NO_COMMON_BLOCKS = YES;
				GCC_OPTIMIZATION_LEVEL = 0;
				GCC_PREPROCESSOR_DEFINITIONS = (
					"DEBUG=1",
					"$(inherited)",
				);
				GCC_WARN_64_TO_32_BIT_CONVERSION = YES;
				GCC_WARN_ABOUT_RETURN_TYPE = YES_ERROR;
				GCC_WARN_UNDECLARED_SELECTOR = YES;
				GCC_WARN_UNINITIALIZED_AUTOS = YES_AGGRESSIVE;
				GCC_WARN_UNUSED_FUNCTION = YES;
				GCC_WARN_UNUSED_VARIABLE = YES;
				IPHONEOS_DEPLOYMENT_TARGET = 12.0;
				MTL_ENABLE_DEBUG_INFO = INCLUDE_SOURCE;
				MTL_FAST_MATH = YES;
				ONLY_ACTIVE_ARCH = YES;
				SDKROOT = iphoneos;
			};
			name = Debug;
		};
		B389BE302165418F005FB025 /* Release */ = {
			isa = XCBuildConfiguration;
			buildSettings = {
				ALWAYS_SEARCH_USER_PATHS = NO;
				CLANG_ANALYZER_NONNULL = YES;
				CLANG_ANALYZER_NUMBER_OBJECT_CONVERSION = YES_AGGRESSIVE;
				CLANG_CXX_LANGUAGE_STANDARD = "gnu++14";
				CLANG_CXX_LIBRARY = "libc++";
				CLANG_ENABLE_MODULES = YES;
				CLANG_ENABLE_OBJC_ARC = YES;
				CLANG_ENABLE_OBJC_WEAK = YES;
				CLANG_WARN_BLOCK_CAPTURE_AUTORELEASING = YES;
				CLANG_WARN_BOOL_CONVERSION = YES;
				CLANG_WARN_COMMA = YES;
				CLANG_WARN_CONSTANT_CONVERSION = YES;
				CLANG_WARN_DEPRECATED_OBJC_IMPLEMENTATIONS = YES;
				CLANG_WARN_DIRECT_OBJC_ISA_USAGE = YES_ERROR;
				CLANG_WARN_DOCUMENTATION_COMMENTS = YES;
				CLANG_WARN_EMPTY_BODY = YES;
				CLANG_WARN_ENUM_CONVERSION = YES;
				CLANG_WARN_INFINITE_RECURSION = YES;
				CLANG_WARN_INT_CONVERSION = YES;
				CLANG_WARN_NON_LITERAL_NULL_CONVERSION = YES;
				CLANG_WARN_OBJC_IMPLICIT_RETAIN_SELF = YES;
				CLANG_WARN_OBJC_LITERAL_CONVERSION = YES;
				CLANG_WARN_OBJC_ROOT_CLASS = YES_ERROR;
				CLANG_WARN_RANGE_LOOP_ANALYSIS = YES;
				CLANG_WARN_STRICT_PROTOTYPES = YES;
				CLANG_WARN_SUSPICIOUS_MOVE = YES;
				CLANG_WARN_UNGUARDED_AVAILABILITY = YES_AGGRESSIVE;
				CLANG_WARN_UNREACHABLE_CODE = YES;
				CLANG_WARN__DUPLICATE_METHOD_MATCH = YES;
				CODE_SIGN_IDENTITY = "iPhone Developer";
				COPY_PHASE_STRIP = NO;
				DEBUG_INFORMATION_FORMAT = "dwarf-with-dsym";
				ENABLE_NS_ASSERTIONS = NO;
				ENABLE_STRICT_OBJC_MSGSEND = YES;
				GCC_C_LANGUAGE_STANDARD = gnu11;
				GCC_NO_COMMON_BLOCKS = YES;
				GCC_WARN_64_TO_32_BIT_CONVERSION = YES;
				GCC_WARN_ABOUT_RETURN_TYPE = YES_ERROR;
				GCC_WARN_UNDECLARED_SELECTOR = YES;
				GCC_WARN_UNINITIALIZED_AUTOS = YES_AGGRESSIVE;
				GCC_WARN_UNUSED_FUNCTION = YES;
				GCC_WARN_UNUSED_VARIABLE = YES;
				IPHONEOS_DEPLOYMENT_TARGET = 12.0;
				MTL_ENABLE_DEBUG_INFO = NO;
				MTL_FAST_MATH = YES;
				SDKROOT = iphoneos;
				VALIDATE_PRODUCT = YES;
			};
			name = Release;
		};
		B389BE322165418F005FB025 /* Debug */ = {
			isa = XCBuildConfiguration;
			buildSettings = {
				ASSETCATALOG_COMPILER_APPICON_NAME = AppIcon;
				CODE_SIGN_STYLE = Automatic;
				INFOPLIST_FILE = KVCKVOHW/Info.plist;
				LD_RUNPATH_SEARCH_PATHS = (
					"$(inherited)",
					"@executable_path/Frameworks",
				);
				PRODUCT_BUNDLE_IDENTIFIER = n1ke71.KVCKVOHW;
				PRODUCT_NAME = "$(TARGET_NAME)";
				TARGETED_DEVICE_FAMILY = "1,2";
			};
			name = Debug;
		};
		B389BE332165418F005FB025 /* Release */ = {
			isa = XCBuildConfiguration;
			buildSettings = {
				ASSETCATALOG_COMPILER_APPICON_NAME = AppIcon;
				CODE_SIGN_STYLE = Automatic;
				INFOPLIST_FILE = KVCKVOHW/Info.plist;
				LD_RUNPATH_SEARCH_PATHS = (
					"$(inherited)",
					"@executable_path/Frameworks",
				);
				PRODUCT_BUNDLE_IDENTIFIER = n1ke71.KVCKVOHW;
				PRODUCT_NAME = "$(TARGET_NAME)";
				TARGETED_DEVICE_FAMILY = "1,2";
			};
			name = Release;
		};
/* End XCBuildConfiguration section */

/* Begin XCConfigurationList section */
		B389BE162165418D005FB025 /* Build configuration list for PBXProject "KVCKVOHW" */ = {
			isa = XCConfigurationList;
			buildConfigurations = (
				B389BE2F2165418F005FB025 /* Debug */,
				B389BE302165418F005FB025 /* Release */,
			);
			defaultConfigurationIsVisible = 0;
			defaultConfigurationName = Release;
		};
		B389BE312165418F005FB025 /* Build configuration list for PBXNativeTarget "KVCKVOHW" */ = {
			isa = XCConfigurationList;
			buildConfigurations = (
				B389BE322165418F005FB025 /* Debug */,
				B389BE332165418F005FB025 /* Release */,
			);
			defaultConfigurationIsVisible = 0;
			defaultConfigurationName = Release;
		};
/* End XCConfigurationList section */
	};
	rootObject = B389BE132165418D005FB025 /* Project object */;
}
